<?xml version="1.0" encoding="UTF-8" standalone="yes" ?>
<CodeBlocks_project_file>
	<FileVersion major="1" minor="6" />
	<Project>
		<Option title="Project1" />
		<Option pch_mode="2" />
		<Option compiler="gcc" />
		<Build>
			<Target title="default">
				<Option output="Project1" prefix_auto="1" extension_auto="1" />
				<Option type="1" />
				<Option compiler="gcc" />
			</Target>
		</Build>
		<Unit filename="ficheiros.cpp" />
		<Unit filename="livros.cpp" />
		<Unit filename="livros.h">
			<Option target="&lt;{~None~}&gt;" />
		</Unit>
		<Unit filename="localidades.cpp" />
		<Unit filename="localidades.h" />
		<Unit filename="main.cpp" />
		<Unit filename="menu_ficheiros.cpp" />
		<Unit filename="menu_livros.cpp" />
		<Unit filename="menu_requisitantes.cpp" />
		<Unit filename="requisitantes.cpp">
			<Option compilerVar="CC" />
		</Unit>
		<Unit filename="requisitantes.h">
			<Option target="&lt;{~None~}&gt;" />
		</Unit>
		<Extensions>
			<DoxyBlocks>
				<comment_style block="4" line="0" />
				<doxyfile_project />
				<doxyfile_build />
				<doxyfile_warnings />
				<doxyfile_output />
				<doxyfile_dot />
				<general />
			</DoxyBlocks>
			<lib_finder disable_auto="1" />
		</Extensions>
	</Project>
</CodeBlocks_project_file>
